
Microsoft Visual Studio Solution File, Format Version 12.00
# Visual Studio 2013
VisualStudioVersion = 12.0.30501.0
MinimumVisualStudioVersion = 10.0.40219.1
Project("{FAE04EC0-301F-11D3-BF4B-00C04F79EFBC}") = "CovarianceVaRCalculator", "CovarianceVaRCalculator\CovarianceVaRCalculator.csproj", "{12C5C83C-3E57-4D66-97CA-3AACA6660153}"
EndProject
Project("{FAE04EC0-301F-11D3-BF4B-00C04F79EFBC}") = "CovarianceVaRCalculator_Base", "CovarianceVaRCalculator_Base\CovarianceVaRCalculator_Base.csproj", "{B60E35E8-44DD-4484-9D30-4AA4D78DD83B}"
EndProject
Project("{FAE04EC0-301F-11D3-BF4B-00C04F79EFBC}") = "CovarianceVaRCalculator_Engine", "CovarianceVaRCalculator_Engine\CovarianceVaRCalculator_Engine.csproj", "{5F1F2F28-3ECF-44CB-A177-DF68525DDBFD}"
EndProject
Project("{FAE04EC0-301F-11D3-BF4B-00C04F79EFBC}") = "CovarianceVaRCalculator_MarketData", "CovarianceVaRCalculator_MarketData\CovarianceVaRCalculator_MarketData.csproj", "{C5781C80-79CD-4302-B5BA-0C9638F9E783}"
EndProject
Project("{FAE04EC0-301F-11D3-BF4B-00C04F79EFBC}") = "CovarianceVaRCalculator_CmdLineTest", "CovarianceVaRCalculator_CmdLineTest\CovarianceVaRCalculator_CmdLineTest.csproj", "{251F7252-2D9A-4A1C-9EC7-013F53A1DBD2}"
EndProject
Global
	GlobalSection(SolutionConfigurationPlatforms) = preSolution
		Debug|Any CPU = Debug|Any CPU
		Release|Any CPU = Release|Any CPU
	EndGlobalSection
	GlobalSection(ProjectConfigurationPlatforms) = postSolution
		{12C5C83C-3E57-4D66-97CA-3AACA6660153}.Debug|Any CPU.ActiveCfg = Debug|Any CPU
		{12C5C83C-3E57-4D66-97CA-3AACA6660153}.Debug|Any CPU.Build.0 = Debug|Any CPU
		{12C5C83C-3E57-4D66-97CA-3AACA6660153}.Release|Any CPU.ActiveCfg = Release|Any CPU
		{12C5C83C-3E57-4D66-97CA-3AACA6660153}.Release|Any CPU.Build.0 = Release|Any CPU
		{B60E35E8-44DD-4484-9D30-4AA4D78DD83B}.Debug|Any CPU.ActiveCfg = Debug|Any CPU
		{B60E35E8-44DD-4484-9D30-4AA4D78DD83B}.Debug|Any CPU.Build.0 = Debug|Any CPU
		{B60E35E8-44DD-4484-9D30-4AA4D78DD83B}.Release|Any CPU.ActiveCfg = Release|Any CPU
		{B60E35E8-44DD-4484-9D30-4AA4D78DD83B}.Release|Any CPU.Build.0 = Release|Any CPU
		{5F1F2F28-3ECF-44CB-A177-DF68525DDBFD}.Debug|Any CPU.ActiveCfg = Debug|Any CPU
		{5F1F2F28-3ECF-44CB-A177-DF68525DDBFD}.Debug|Any CPU.Build.0 = Debug|Any CPU
		{5F1F2F28-3ECF-44CB-A177-DF68525DDBFD}.Release|Any CPU.ActiveCfg = Release|Any CPU
		{5F1F2F28-3ECF-44CB-A177-DF68525DDBFD}.Release|Any CPU.Build.0 = Release|Any CPU
		{C5781C80-79CD-4302-B5BA-0C9638F9E783}.Debug|Any CPU.ActiveCfg = Debug|Any CPU
		{C5781C80-79CD-4302-B5BA-0C9638F9E783}.Debug|Any CPU.Build.0 = Debug|Any CPU
		{C5781C80-79CD-4302-B5BA-0C9638F9E783}.Release|Any CPU.ActiveCfg = Release|Any CPU
		{C5781C80-79CD-4302-B5BA-0C9638F9E783}.Release|Any CPU.Build.0 = Release|Any CPU
		{251F7252-2D9A-4A1C-9EC7-013F53A1DBD2}.Debug|Any CPU.ActiveCfg = Debug|Any CPU
		{251F7252-2D9A-4A1C-9EC7-013F53A1DBD2}.Debug|Any CPU.Build.0 = Debug|Any CPU
		{251F7252-2D9A-4A1C-9EC7-013F53A1DBD2}.Release|Any CPU.ActiveCfg = Release|Any CPU
		{251F7252-2D9A-4A1C-9EC7-013F53A1DBD2}.Release|Any CPU.Build.0 = Release|Any CPU
	EndGlobalSection
	GlobalSection(SolutionProperties) = preSolution
		HideSolutionNode = FALSE
	EndGlobalSection
EndGlobal
